
Microsoft Visual Studio Solution File, Format Version 12.00
# Visual Studio 15
VisualStudioVersion = 15.0.28307.1300
MinimumVisualStudioVersion = 10.0.40219.1
Project("{FAE04EC0-301F-11D3-BF4B-00C04F79EFBC}") = "SayHelloWFA", "SayHelloWFA\SayHelloWFA.csproj", "{764BA9F2-AE62-44CC-B3FB-3071AE5D0869}"
EndProject
Global
	GlobalSection(SolutionConfigurationPlatforms) = preSolution
		Debug|Any CPU = Debug|Any CPU
		Release|Any CPU = Release|Any CPU
	EndGlobalSection
	GlobalSection(ProjectConfigurationPlatforms) = postSolution
		{764BA9F2-AE62-44CC-B3FB-3071AE5D0869}.Debug|Any CPU.ActiveCfg = Debug|Any CPU
		{764BA9F2-AE62-44CC-B3FB-3071AE5D0869}.Debug|Any CPU.Build.0 = Debug|Any CPU
		{764BA9F2-AE62-44CC-B3FB-3071AE5D0869}.Release|Any CPU.ActiveCfg = Release|Any CPU
		{764BA9F2-AE62-44CC-B3FB-3071AE5D0869}.Release|Any CPU.Build.0 = Release|Any CPU
	EndGlobalSection
	GlobalSection(SolutionProperties) = preSolution
		HideSolutionNode = FALSE
	EndGlobalSection
	GlobalSection(ExtensibilityGlobals) = postSolution
		SolutionGuid = {1CF91D2D-136B-4762-A863-D6F699A27A23}
	EndGlobalSection
EndGlobal
